Microsoft Visual Studio Solution File, Format Version 12.00
# Visual Studio 2012
Project("{FAE04EC0-301F-11D3-BF4B-00C04F79EFBC}") = "breach_fighters_v_p", "breach_fighters_v_p.csproj", "{3B999CE1-1DC5-4B65-964B-3FB2114DAE6D}"
EndProject
Global
	GlobalSection(SolutionConfigurationPlatforms) = preSolution
	Debug|Any CPU = Debug|Any CPU
	ExportDebug|Any CPU = ExportDebug|Any CPU
	ExportRelease|Any CPU = ExportRelease|Any CPU
	EndGlobalSection
	GlobalSection(ProjectConfigurationPlatforms) = postSolution
		{3B999CE1-1DC5-4B65-964B-3FB2114DAE6D}.Debug|Any CPU.ActiveCfg = Debug|Any CPU
		{3B999CE1-1DC5-4B65-964B-3FB2114DAE6D}.Debug|Any CPU.Build.0 = Debug|Any CPU
		{3B999CE1-1DC5-4B65-964B-3FB2114DAE6D}.ExportDebug|Any CPU.ActiveCfg = ExportDebug|Any CPU
		{3B999CE1-1DC5-4B65-964B-3FB2114DAE6D}.ExportDebug|Any CPU.Build.0 = ExportDebug|Any CPU
		{3B999CE1-1DC5-4B65-964B-3FB2114DAE6D}.ExportRelease|Any CPU.ActiveCfg = ExportRelease|Any CPU
		{3B999CE1-1DC5-4B65-964B-3FB2114DAE6D}.ExportRelease|Any CPU.Build.0 = ExportRelease|Any CPU
	EndGlobalSection
EndGlobal
